lockfileVersion: '9.0'

settings:
  autoInstallPeers: true
  excludeLinksFromLockfile: false

importers:

  .:
    dependencies:
      '@distube/ytpl':
        specifier: ^1.2.1
        version: 1.2.1
      '@distube/ytsr':
        specifier: ^2.0.0
        version: 2.0.4
      '@ybd-project/ytdl-core':
        specifier: ^5.1.5
        version: 5.1.5
      distube:
        specifier: ^5.0.2
        version: 5.0.2(@discordjs/voice@0.17.0)(discord.js@14.16.1)

packages:

  '@discordjs/builders@1.9.0':
    resolution: {integrity: sha512-0zx8DePNVvQibh5ly5kCEei5wtPBIUbSoE9n+91Rlladz4tgtFbJ36PZMxxZrTEOQ7AHMZ/b0crT/0fCy6FTKg==}
    engines: {node: '>=18'}

  '@discordjs/collection@1.5.3':
    resolution: {integrity: sha512-SVb428OMd3WO1paV3rm6tSjM4wC+Kecaa1EUGX7vc6/fddvw/6lg90z4QtCqm21zvVe92vMMDt9+DkIvjXImQQ==}
    engines: {node: '>=16.11.0'}

  '@discordjs/collection@2.1.1':
    resolution: {integrity: sha512-LiSusze9Tc7qF03sLCujF5iZp7K+vRNEDBZ86FT9aQAv3vxMLihUvKvpsCWiQ2DJq1tVckopKm1rxomgNUc9hg==}
    engines: {node: '>=18'}

  '@discordjs/formatters@0.5.0':
    resolution: {integrity: sha512-98b3i+Y19RFq1Xke4NkVY46x8KjJQjldHUuEbCqMvp1F5Iq9HgnGpu91jOi/Ufazhty32eRsKnnzS8n4c+L93g==}
    engines: {node: '>=18'}

  '@discordjs/rest@2.4.0':
    resolution: {integrity: sha512-Xb2irDqNcq+O8F0/k/NaDp7+t091p+acb51iA4bCKfIn+WFWd6HrNvcsSbMMxIR9NjcMZS6NReTKygqiQN+ntw==}
    engines: {node: '>=18'}

  '@discordjs/util@1.1.1':
    resolution: {integrity: sha512-eddz6UnOBEB1oITPinyrB2Pttej49M9FZQY8NxgEvc3tq6ZICZ19m70RsmzRdDHk80O9NoYN/25AqJl8vPVf/g==}
    engines: {node: '>=18'}

  '@discordjs/voice@0.17.0':
    resolution: {integrity: sha512-hArn9FF5ZYi1IkxdJEVnJi+OxlwLV0NJYWpKXsmNOojtGtAZHxmsELA+MZlu2KW1F/K1/nt7lFOfcMXNYweq9w==}
    engines: {node: '>=16.11.0'}

  '@discordjs/ws@1.1.1':
    resolution: {integrity: sha512-PZ+vLpxGCRtmr2RMkqh8Zp+BenUaJqlS6xhgWKEZcgC/vfHLEzpHtKkB0sl3nZWpwtcKk6YWy+pU3okL2I97FA==}
    engines: {node: '>=16.11.0'}

  '@distube/ytpl@1.2.1':
    resolution: {integrity: sha512-cp9nDYyGTZ2DNHURQXS76ptKWijLMspoxJEj03i++9tJf0LFGTWkskL3sLwcY4qQPLXjlH9FAXwwpjVttdXvZQ==}
    engines: {node: '>=8'}

  '@distube/ytsr@2.0.4':
    resolution: {integrity: sha512-OiSWgARQ9LTj+dXt3jmMFzUH4l86VVCD4dVC4hEHNXdqp+DyU4QEzc+W6YY6//kWkvzTaUxOo7JUY7lBzwIF0A==}
    engines: {node: '>=14.0'}

  '@fastify/busboy@2.1.1':
    resolution: {integrity: sha512-vBZP4NlzfOlerQTnba4aqZoMhE/a9HY7HRqoOPaETQcSQuWEIyZMHGfVu6w9wGtGK5fED5qRs2DteVCjOH60sA==}
    engines: {node: '>=14'}

  '@sapphire/async-queue@1.5.3':
    resolution: {integrity: sha512-x7zadcfJGxFka1Q3f8gCts1F0xMwCKbZweM85xECGI0hBTeIZJGGCrHgLggihBoprlQ/hBmDR5LKfIPqnmHM3w==}
    engines: {node: '>=v14.0.0', npm: '>=7.0.0'}

  '@sapphire/shapeshift@4.0.0':
    resolution: {integrity: sha512-d9dUmWVA7MMiKobL3VpLF8P2aeanRTu6ypG2OIaEv/ZHH/SUQ2iHOVyi5wAPjQ+HmnMuL0whK9ez8I/raWbtIg==}
    engines: {node: '>=v16'}

  '@sapphire/snowflake@3.5.3':
    resolution: {integrity: sha512-jjmJywLAFoWeBi1W7994zZyiNWPIiqRRNAmSERxyg93xRGzNYvGjlZ0gR6x0F4gPRi2+0O6S71kOZYyr3cxaIQ==}
    engines: {node: '>=v14.0.0', npm: '>=7.0.0'}

  '@types/node@22.5.4':
    resolution: {integrity: sha512-FDuKUJQm/ju9fT/SeX/6+gBzoPzlVCzfzmGkwKvRHQVxi4BntVbyIwf6a4Xn62mrvndLiml6z/UBXIdEVjQLXg==}

  '@types/ws@8.5.12':
    resolution: {integrity: sha512-3tPRkv1EtkDpzlgyKyI8pGsGZAGPEaXeu0DOj5DI25Ja91bdAYddYHbADRYVrZMRbfW+1l5YwXVDKohDJNQxkQ==}

  '@vladfrangu/async_event_emitter@2.4.6':
    resolution: {integrity: sha512-RaI5qZo6D2CVS6sTHFKg1v5Ohq/+Bo2LZ5gzUEwZ/WkHhwtGTCB/sVLw8ijOkAUxasZ+WshN/Rzj4ywsABJ5ZA==}
    engines: {node: '>=v14.0.0', npm: '>=7.0.0'}

  '@ybd-project/ytdl-core@5.1.5':
    resolution: {integrity: sha512-xV68Uvh9bgAjXj6iffzTKefJH2wQfK6SRn/wOWDKnSrydwN1dci4Ex5jcMQ68at/AZt05fXK2Aved+d1zDn6Xw==}
    engines: {node: '>=18.0'}

  agent-base@7.1.1:
    resolution: {integrity: sha512-H0TSyFNDMomMNJQBn8wFV5YC/2eJ+VXECwOadZJT554xP6cODZHPX3H9QMQECxvrgiSOP1pHjy1sMWQVYJOUOA==}
    engines: {node: '>= 14'}

  asynckit@0.4.0:
    resolution: {integrity: sha512-Oei9OH4tRh0YqU3GxhX79dM/mwVgvbZJaSNaRk+bshkj0S5cfHcgYakreBjrHwatXKbz+IoIdYLxrKim2MjW0Q==}

  chrono-node@2.7.6:
    resolution: {integrity: sha512-yugKSRLHc6B6kXxm/DwNc94zhaddAjCSO9IOGH3w7NIWNM+gUoLl/2/XLndiw4I+XhU4H2LOhC5Ab2JjS6JWsA==}
    engines: {node: ^12.20.0 || ^14.13.1 || >=16.0.0}

  combined-stream@1.0.8:
    resolution: {integrity: sha512-FQN4MRfuJeHf7cBbBMJFXhKSDq+2kAArBlmRBvcvFE5BB1HZKXtSFASDhdlz9zOYwxh8lDdnvmMOe/+5cdoEdg==}
    engines: {node: '>= 0.8'}

  cssstyle@4.1.0:
    resolution: {integrity: sha512-h66W1URKpBS5YMI/V8PyXvTMFT8SupJ1IzoIV8IeBC/ji8WVmrO8dGlTi+2dh6whmdk6BiKJLD/ZBkhWbcg6nA==}
    engines: {node: '>=18'}

  data-urls@5.0.0:
    resolution: {integrity: sha512-ZYP5VBHshaDAiVZxjbRVcFJpc+4xGgT0bK3vzy1HLN8jTO975HEbuYzZJcHoQEY5K1a0z8YayJkyVETa08eNTg==}
    engines: {node: '>=18'}

  dayjs@1.11.13:
    resolution: {integrity: sha512-oaMBel6gjolK862uaPQOVTA7q3TZhuSvuMQAAglQDOWYO9A91IrAOUJEyKVlqJlHE0vq5p5UXxzdPfMH/x6xNg==}

  debug@4.3.7:
    resolution: {integrity: sha512-Er2nc/H7RrMXZBFCEim6TCmMk02Z8vLC2Rbi1KEBggpo0fS6l0S1nnapwmIi3yW/+GOJap1Krg4w0Hg80oCqgQ==}
    engines: {node: '>=6.0'}
    peerDependencies:
      supports-color: '*'
    peerDependenciesMeta:
      supports-color:
        optional: true

  decimal.js@10.4.3:
    resolution: {integrity: sha512-VBBaLc1MgL5XpzgIP7ny5Z6Nx3UrRkIViUkPUdtl9aya5amy3De1gsUUSB1g3+3sExYNjCAsAznmukyxCb1GRA==}

  delayed-stream@1.0.0:
    resolution: {integrity: sha512-ZySD7Nf91aLB0RxL4KGrKHBXl7Eds1DAmEdcoVawXnLD7SDhpNgtuII2aAkg7a7QS41jxPSZ17p4VdGnMHk3MQ==}
    engines: {node: '>=0.4.0'}

  discord-api-types@0.37.83:
    resolution: {integrity: sha512-urGGYeWtWNYMKnYlZnOnDHm8fVRffQs3U0SpE8RHeiuLKb/u92APS8HoQnPTFbnXmY1vVnXjXO4dOxcAn3J+DA==}

  discord-api-types@0.37.97:
    resolution: {integrity: sha512-No1BXPcVkyVD4ZVmbNgDKaBoqgeQ+FJpzZ8wqHkfmBnTZig1FcH3iPPersiK1TUIAzgClh2IvOuVUYfcWLQAOA==}

  discord.js@14.16.1:
    resolution: {integrity: sha512-/diX4shp3q1F3EySGQbQl10el+KIpffLSOJdtM35gGV7zw2ED7rKbASKJT7UIR9L/lTd0KtNenZ/h739TN7diA==}
    engines: {node: '>=18'}

  distube@5.0.2:
    resolution: {integrity: sha512-VR+js/RS+sbxQIGaewh1jZtQDeSE1x05V6CFDb7/KATXSln+nUemIh/RTqKPuPeFJhcPcYGdZWPvEliDU/RS/g==}
    engines: {node: '>=18.17'}
    peerDependencies:
      '@discordjs/voice': '*'
      discord.js: '14'

  entities@4.5.0:
    resolution: {integrity: sha512-V0hjH4dGPh9Ao5p0MoRY6BVqtwCjhz6vI5LT8AJ55H+4g9/4vbHx1I54fS0XuclLhDHArPQCiMjDxjaL8fPxhw==}
    engines: {node: '>=0.12'}

  fast-deep-equal@3.1.3:
    resolution: {integrity: sha512-f3qQ9oQy9j2AhBe/H9VC91wLmKBCCU/gDOnKNAYG5hswO7BLKj09Hc5HYNz9cGI++xlpDCIgDaitVs03ATR84Q==}

  form-data@4.0.0:
    resolution: {integrity: sha512-ETEklSGi5t0QMZuiXoA/Q6vcnxcLQP5vdugSpuAyi6SVGi2clPPp+xgEhuMaHC+zGgn31Kd235W35f7Hykkaww==}
    engines: {node: '>= 6'}

  html-encoding-sniffer@4.0.0:
    resolution: {integrity: sha512-Y22oTqIU4uuPgEemfz7NDJz6OeKf12Lsu+QC+s3BVpda64lTiMYCyGwg5ki4vFxkMwQdeZDl2adZoqUgdFuTgQ==}
    engines: {node: '>=18'}

  http-cookie-agent@6.0.5:
    resolution: {integrity: sha512-sfZ8fDgDP3B1YB+teqSnAK1aPgBu8reUUGxSsndP2XnYN6cM29EURXWXZqQQiaRdor3B4QjpkUNfv21syaO4DA==}
    engines: {node: '>=18.0.0'}
    peerDependencies:
      tough-cookie: ^4.0.0
      undici: ^5.11.0 || ^6.0.0
    peerDependenciesMeta:
      undici:
        optional: true

  http-proxy-agent@7.0.2:
    resolution: {integrity: sha512-T1gkAiYYDWYx3V5Bmyu7HcfcvL7mUrTWiM6yOfa3PIphViJ/gFPbvidQ+veqSOHci/PxBcDabeUNCzpOODJZig==}
    engines: {node: '>= 14'}

  https-proxy-agent@7.0.5:
    resolution: {integrity: sha512-1e4Wqeblerz+tMKPIq2EMGiiWW1dIjZOksyHWSUm1rmuvw/how9hBHZ38lAGj5ID4Ik6EdkOw7NmWPy6LAwalw==}
    engines: {node: '>= 14'}

  iconv-lite@0.6.3:
    resolution: {integrity: sha512-4fCk79wshMdzMp2rH06qWrJE4iolqLhCUH+OiuIgU++RB0+94NlDL81atO7GX55uUKueo0txHNtvEyI6D7WdMw==}
    engines: {node: '>=0.10.0'}

  is-potential-custom-element-name@1.0.1:
    resolution: {integrity: sha512-bCYeRA2rVibKZd+s2625gGnGF/t7DSqDs4dP7CrLA1m7jKWz6pps0LpYLJN8Q64HtmPKJ1hrN3nzPNKFEKOUiQ==}

  jsdom@24.1.3:
    resolution: {integrity: sha512-MyL55p3Ut3cXbeBEG7Hcv0mVM8pp8PBNWxRqchZnSfAiES1v1mRnMeFfaHWIPULpwsYfvO+ZmMZz5tGCnjzDUQ==}
    engines: {node: '>=18'}
    peerDependencies:
      canvas: ^2.11.2
    peerDependenciesMeta:
      canvas:
        optional: true

  lodash.snakecase@4.1.1:
    resolution: {integrity: sha512-QZ1d4xoBHYUeuouhEq3lk3Uq7ldgyFXGBhg04+oRLnIz8o9T65Eh+8YdroUwn846zchkA9yDsDl5CVVaV2nqYw==}

  lodash@4.17.21:
    resolution: {integrity: sha512-v2kDEe57lecTulaDIuNTPy3Ry4gLGJ6Z1O3vE1krgXZNrsQ+LFTGHVxVjcXPs17LhbZVGedAJv8XZ1tvj5FvSg==}

  m3u8stream@0.8.6:
    resolution: {integrity: sha512-LZj8kIVf9KCphiHmH7sbFQTVe4tOemb202fWwvJwR9W5ENW/1hxJN6ksAWGhQgSBSa3jyWhnjKU1Fw1GaOdbyA==}
    engines: {node: '>=12'}

  magic-bytes.js@1.10.0:
    resolution: {integrity: sha512-/k20Lg2q8LE5xiaaSkMXk4sfvI+9EGEykFS4b0CHHGWqDYU0bGUFSwchNOMA56D7TCs9GwVTkqe9als1/ns8UQ==}

  mime-db@1.52.0:
    resolution: {integrity: sha512-sPU4uV7dYlvtWJxwwxHD0PuihVNiE7TyAbQ5SWxDCB9mUYvOgroQOwYQQOKPJ8CIbE+1ETVlOoK1UC2nU3gYvg==}
    engines: {node: '>= 0.6'}

  mime-types@2.1.35:
    resolution: {integrity: sha512-ZDY+bPm5zTTF+YpCrAU9nK0UgICYPT0QtT1NZWFv4s++TNkcgVaT0g6+4R2uI4MjQjzysHB1zxuWL50hzaeXiw==}
    engines: {node: '>= 0.6'}

  miniget@4.2.3:
    resolution: {integrity: sha512-SjbDPDICJ1zT+ZvQwK0hUcRY4wxlhhNpHL9nJOB2MEAXRGagTljsO8MEDzQMTFf0Q8g4QNi8P9lEm/g7e+qgzA==}
    engines: {node: '>=12'}

  ms@2.1.3:
    resolution: {integrity: sha512-6FlzubTLZG3J2a/NVCAleEhjzq5oxgHyaCU9yYXvcLsvoVaHJq/s5xXI6/XXP6tz7R9xAOtHnSO/tXtF3WRTlA==}

  nwsapi@2.2.12:
    resolution: {integrity: sha512-qXDmcVlZV4XRtKFzddidpfVP4oMSGhga+xdMc25mv8kaLUHtgzCDhUxkrN8exkGdTlLNaXj7CV3GtON7zuGZ+w==}

  parse5@7.1.2:
    resolution: {integrity: sha512-Czj1WaSVpaoj0wbhMzLmWD69anp2WH7FXMB9n1Sy8/ZFF9jolSQVMu1Ij5WIyGmcBmhk7EOndpO4mIpihVqAXw==}

  prism-media@1.3.5:
    resolution: {integrity: sha512-IQdl0Q01m4LrkN1EGIE9lphov5Hy7WWlH6ulf5QdGePLlPas9p2mhgddTEHrlaXYjjFToM1/rWuwF37VF4taaA==}
    peerDependencies:
      '@discordjs/opus': '>=0.8.0 <1.0.0'
      ffmpeg-static: ^5.0.2 || ^4.2.7 || ^3.0.0 || ^2.4.0
      node-opus: ^0.3.3
      opusscript: ^0.0.8
    peerDependenciesMeta:
      '@discordjs/opus':
        optional: true
      ffmpeg-static:
        optional: true
      node-opus:
        optional: true
      opusscript:
        optional: true

  psl@1.9.0:
    resolution: {integrity: sha512-E/ZsdU4HLs/68gYzgGTkMicWTLPdAftJLfJFlLUAAKZGkStNU72sZjT66SnMDVOfOWY/YAoiD7Jxa9iHvngcag==}

  punycode@2.3.1:
    resolution: {integrity: sha512-vYt7UD1U9Wg6138shLtLOvdAu+8DsC/ilFtEVHcH+wydcSpNE20AfSOduf6MkRFahL5FY7X1oU7nKVZFtfq8Fg==}
    engines: {node: '>=6'}

  querystringify@2.2.0:
    resolution: {integrity: sha512-FIqgj2EUvTa7R50u0rGsyTftzjYmv/a3hO345bZNrqabNqjtgiDMgmo4mkUjd+nzU5oF3dClKqFIPUKybUyqoQ==}

  requires-port@1.0.0:
    resolution: {integrity: sha512-KigOCHcocU3XODJxsu8i/j8T9tzT4adHiecwORRQ0ZZFcp7ahwXuRU1m+yuO90C5ZUyGeGfocHDI14M3L3yDAQ==}

  rrweb-cssom@0.7.1:
    resolution: {integrity: sha512-TrEMa7JGdVm0UThDJSx7ddw5nVm3UJS9o9CCIZ72B1vSyEZoziDqBYP3XIoi/12lKrJR8rE3jeFHMok2F/Mnsg==}

  safer-buffer@2.1.2:
    resolution: {integrity: sha512-YZo3K82SD7Riyi0E1EQPojLz7kpepnSQI9IyPbHHg1XXXevb5dJI7tpyN2ADxGcQbHG7vcyRHk0cbwqcQriUtg==}

  sax@1.4.1:
    resolution: {integrity: sha512-+aWOz7yVScEGoKNd4PA10LZ8sk0A/z5+nXQG5giUO5rprX9jgYsTdov9qCchZiPIZezbZH+jRut8nPodFAX4Jg==}

  saxes@6.0.0:
    resolution: {integrity: sha512-xAg7SOnEhrm5zI3puOOKyy1OMcMlIJZYNJY7xLBwSze0UjhPLnWfj2GF2EpT0jmzaJKIWKHLsaSSajf35bcYnA==}
    engines: {node: '>=v12.22.7'}

  symbol-tree@3.2.4:
    resolution: {integrity: sha512-9QNk5KwDF+Bvz+PyObkmSYjI5ksVUYtjW7AU22r2NKcfLJcXp96hkDWU3+XndOsUb+AQ9QhfzfCT2O+CNWT5Tw==}

  tiny-typed-emitter@2.1.0:
    resolution: {integrity: sha512-qVtvMxeXbVej0cQWKqVSSAHmKZEHAvxdF8HEUBFWts8h+xEo5m/lEiPakuyZ3BnCBjOD8i24kzNOiOLLgsSxhA==}

  tough-cookie@4.1.4:
    resolution: {integrity: sha512-Loo5UUvLD9ScZ6jh8beX1T6sO1w2/MpCRpEP7V280GKMVUQ0Jzar2U3UJPsrdbziLEMMhu3Ujnq//rhiFuIeag==}
    engines: {node: '>=6'}

  tr46@5.0.0:
    resolution: {integrity: sha512-tk2G5R2KRwBd+ZN0zaEXpmzdKyOYksXwywulIX95MBODjSzMIuQnQ3m8JxgbhnL1LeVo7lqQKsYa1O3Htl7K5g==}
    engines: {node: '>=18'}

  ts-mixer@6.0.4:
    resolution: {integrity: sha512-ufKpbmrugz5Aou4wcr5Wc1UUFWOLhq+Fm6qa6P0w0K5Qw2yhaUoiWszhCVuNQyNwrlGiscHOmqYoAox1PtvgjA==}

  tslib@2.7.0:
    resolution: {integrity: sha512-gLXCKdN1/j47AiHiOkJN69hJmcbGTHI0ImLmbYLHykhgeN0jVGola9yVjFgzCUklsZQMW55o+dW7IXv3RCXDzA==}

  undici-types@6.19.8:
    resolution: {integrity: sha512-ve2KP6f/JnbPBFyobGHuerC9g1FYGn/F8n1LWTwNxCEzd6IfqTwUQcNXgEtmmQ6DlRrC1hrSrBnCZPokRrDHjw==}

  undici@5.28.4:
    resolution: {integrity: sha512-72RFADWFqKmUb2hmmvNODKL3p9hcB6Gt2DOQMis1SEBaV6a4MH8soBvzg+95CYhCKPFedut2JY9bMfrDl9D23g==}
    engines: {node: '>=14.0'}

  undici@6.19.8:
    resolution: {integrity: sha512-U8uCCl2x9TK3WANvmBavymRzxbfFYG+tAu+fgx3zxQy3qdagQqBLwJVrdyO1TBfUXvfKveMKJZhpvUYoOjM+4g==}
    engines: {node: '>=18.17'}

  universalify@0.2.0:
    resolution: {integrity: sha512-CJ1QgKmNg3CwvAv/kOFmtnEN05f0D/cn9QntgNOQlQF9dgvVTHj3t+8JPdjqawCHk7V/KA+fbUqzZ9XWhcqPUg==}
    engines: {node: '>= 4.0.0'}

  url-parse@1.5.10:
    resolution: {integrity: sha512-WypcfiRhfeUP9vvF0j6rw0J3hrWrw6iZv3+22h6iRMJ/8z1Tj6XfLP4DsUix5MhMPnXpiHDoKyoZ/bdCkwBCiQ==}

  w3c-xmlserializer@5.0.0:
    resolution: {integrity: sha512-o8qghlI8NZHU1lLPrpi2+Uq7abh4GGPpYANlalzWxyWteJOCsr/P+oPBA49TOLu5FTZO4d3F9MnWJfiMo4BkmA==}
    engines: {node: '>=18'}

  webidl-conversions@7.0.0:
    resolution: {integrity: sha512-VwddBukDzu71offAQR975unBIGqfKZpM+8ZX6ySk8nYhVoo5CYaZyzt3YBvYtRtO+aoGlqxPg/B87NGVZ/fu6g==}
    engines: {node: '>=12'}

  whatwg-encoding@3.1.1:
    resolution: {integrity: sha512-6qN4hJdMwfYBtE3YBTTHhoeuUrDBPZmbQaxWAqSALV/MeEnR5z1xd8UKud2RAkFoPkmB+hli1TZSnyi84xz1vQ==}
    engines: {node: '>=18'}

  whatwg-mimetype@4.0.0:
    resolution: {integrity: sha512-QaKxh0eNIi2mE9p2vEdzfagOKHCcj1pJ56EEHGQOVxp8r9/iszLUUV7v89x9O1p/T+NlTM5W7jW6+cz4Fq1YVg==}
    engines: {node: '>=18'}

  whatwg-url@14.0.0:
    resolution: {integrity: sha512-1lfMEm2IEr7RIV+f4lUNPOqfFL+pO+Xw3fJSqmjX9AbXcXcYOkCe1P6+9VBZB6n94af16NfZf+sSk0JCBZC9aw==}
    engines: {node: '>=18'}

  ws@8.18.0:
    resolution: {integrity: sha512-8VbfWfHLbbwu3+N6OKsOMpBdT4kXPDDB9cJk2bJ6mh9ucxdlnNvH1e+roYkKmN9Nxw2yjz7VzeO9oOz2zJ04Pw==}
    engines: {node: '>=10.0.0'}
    peerDependencies:
      bufferutil: ^4.0.1
      utf-8-validate: '>=5.0.2'
    peerDependenciesMeta:
      bufferutil:
        optional: true
      utf-8-validate:
        optional: true

  xml-name-validator@5.0.0:
    resolution: {integrity: sha512-EvGK8EJ3DhaHfbRlETOWAS5pO9MZITeauHKJyb8wyajUfQUenkIg2MvLDTZ4T/TgIcm3HU0TFBgWWboAZ30UHg==}
    engines: {node: '>=18'}

  xmlchars@2.2.0:
    resolution: {integrity: sha512-JZnDKK8B0RCDw84FNdDAIpZK+JuJw+s7Lz8nksI7SIuU3UXJJslUthsi+uWBUYOwPFwW7W7PRLRfUKpxjtjFCw==}

  youtube-po-token-generator@0.2.0:
    resolution: {integrity: sha512-tBrL8+C0ntQdVo9KSZeSxoslTH5nIBQ63khwiC0VHUVSVi09a2fF+MmOcUBL0Z0yvZcoOBeQ3vUpxH1RS722Bw==}
    engines: {node: '>=18.0'}

snapshots:

  '@discordjs/builders@1.9.0':
    dependencies:
      '@discordjs/formatters': 0.5.0
      '@discordjs/util': 1.1.1
      '@sapphire/shapeshift': 4.0.0
      discord-api-types: 0.37.97
      fast-deep-equal: 3.1.3
      ts-mixer: 6.0.4
      tslib: 2.7.0

  '@discordjs/collection@1.5.3': {}

  '@discordjs/collection@2.1.1': {}

  '@discordjs/formatters@0.5.0':
    dependencies:
      discord-api-types: 0.37.97

  '@discordjs/rest@2.4.0':
    dependencies:
      '@discordjs/collection': 2.1.1
      '@discordjs/util': 1.1.1
      '@sapphire/async-queue': 1.5.3
      '@sapphire/snowflake': 3.5.3
      '@vladfrangu/async_event_emitter': 2.4.6
      discord-api-types: 0.37.97
      magic-bytes.js: 1.10.0
      tslib: 2.7.0
      undici: 6.19.8

  '@discordjs/util@1.1.1': {}

  '@discordjs/voice@0.17.0':
    dependencies:
      '@types/ws': 8.5.12
      discord-api-types: 0.37.83
      prism-media: 1.3.5
      tslib: 2.7.0
      ws: 8.18.0
    transitivePeerDependencies:
      - '@discordjs/opus'
      - bufferutil
      - ffmpeg-static
      - node-opus
      - opusscript
      - utf-8-validate

  '@discordjs/ws@1.1.1':
    dependencies:
      '@discordjs/collection': 2.1.1
      '@discordjs/rest': 2.4.0
      '@discordjs/util': 1.1.1
      '@sapphire/async-queue': 1.5.3
      '@types/ws': 8.5.12
      '@vladfrangu/async_event_emitter': 2.4.6
      discord-api-types: 0.37.83
      tslib: 2.7.0
      ws: 8.18.0
    transitivePeerDependencies:
      - bufferutil
      - utf-8-validate

  '@distube/ytpl@1.2.1':
    dependencies:
      undici: 5.28.4

  '@distube/ytsr@2.0.4':
    dependencies:
      undici: 6.19.8

  '@fastify/busboy@2.1.1': {}

  '@sapphire/async-queue@1.5.3': {}

  '@sapphire/shapeshift@4.0.0':
    dependencies:
      fast-deep-equal: 3.1.3
      lodash: 4.17.21

  '@sapphire/snowflake@3.5.3': {}

  '@types/node@22.5.4':
    dependencies:
      undici-types: 6.19.8

  '@types/ws@8.5.12':
    dependencies:
      '@types/node': 22.5.4

  '@vladfrangu/async_event_emitter@2.4.6': {}

  '@ybd-project/ytdl-core@5.1.5':
    dependencies:
      chrono-node: 2.7.6
      http-cookie-agent: 6.0.5(tough-cookie@4.1.4)(undici@5.28.4)
      m3u8stream: 0.8.6
      miniget: 4.2.3
      sax: 1.4.1
      tough-cookie: 4.1.4
      undici: 5.28.4
      youtube-po-token-generator: 0.2.0
    transitivePeerDependencies:
      - bufferutil
      - canvas
      - supports-color
      - utf-8-validate

  agent-base@7.1.1:
    dependencies:
      debug: 4.3.7
    transitivePeerDependencies:
      - supports-color

  asynckit@0.4.0: {}

  chrono-node@2.7.6:
    dependencies:
      dayjs: 1.11.13

  combined-stream@1.0.8:
    dependencies:
      delayed-stream: 1.0.0

  cssstyle@4.1.0:
    dependencies:
      rrweb-cssom: 0.7.1

  data-urls@5.0.0:
    dependencies:
      whatwg-mimetype: 4.0.0
      whatwg-url: 14.0.0

  dayjs@1.11.13: {}

  debug@4.3.7:
    dependencies:
      ms: 2.1.3

  decimal.js@10.4.3: {}

  delayed-stream@1.0.0: {}

  discord-api-types@0.37.83: {}

  discord-api-types@0.37.97: {}

  discord.js@14.16.1:
    dependencies:
      '@discordjs/builders': 1.9.0
      '@discordjs/collection': 1.5.3
      '@discordjs/formatters': 0.5.0
      '@discordjs/rest': 2.4.0
      '@discordjs/util': 1.1.1
      '@discordjs/ws': 1.1.1
      '@sapphire/snowflake': 3.5.3
      discord-api-types: 0.37.97
      fast-deep-equal: 3.1.3
      lodash.snakecase: 4.1.1
      tslib: 2.7.0
      undici: 6.19.8
    transitivePeerDependencies:
      - bufferutil
      - utf-8-validate

  distube@5.0.2(@discordjs/voice@0.17.0)(discord.js@14.16.1):
    dependencies:
      '@discordjs/voice': 0.17.0
      discord.js: 14.16.1
      tiny-typed-emitter: 2.1.0
      undici: 6.19.8

  entities@4.5.0: {}

  fast-deep-equal@3.1.3: {}

  form-data@4.0.0:
    dependencies:
      asynckit: 0.4.0
      combined-stream: 1.0.8
      mime-types: 2.1.35

  html-encoding-sniffer@4.0.0:
    dependencies:
      whatwg-encoding: 3.1.1

  http-cookie-agent@6.0.5(tough-cookie@4.1.4)(undici@5.28.4):
    dependencies:
      agent-base: 7.1.1
      tough-cookie: 4.1.4
    optionalDependencies:
      undici: 5.28.4
    transitivePeerDependencies:
      - supports-color

  http-proxy-agent@7.0.2:
    dependencies:
      agent-base: 7.1.1
      debug: 4.3.7
    transitivePeerDependencies:
      - supports-color

  https-proxy-agent@7.0.5:
    dependencies:
      agent-base: 7.1.1
      debug: 4.3.7
    transitivePeerDependencies:
      - supports-color

  iconv-lite@0.6.3:
    dependencies:
      safer-buffer: 2.1.2

  is-potential-custom-element-name@1.0.1: {}

  jsdom@24.1.3:
    dependencies:
      cssstyle: 4.1.0
      data-urls: 5.0.0
      decimal.js: 10.4.3
      form-data: 4.0.0
      html-encoding-sniffer: 4.0.0
      http-proxy-agent: 7.0.2
      https-proxy-agent: 7.0.5
      is-potential-custom-element-name: 1.0.1
      nwsapi: 2.2.12
      parse5: 7.1.2
      rrweb-cssom: 0.7.1
      saxes: 6.0.0
      symbol-tree: 3.2.4
      tough-cookie: 4.1.4
      w3c-xmlserializer: 5.0.0
      webidl-conversions: 7.0.0
      whatwg-encoding: 3.1.1
      whatwg-mimetype: 4.0.0
      whatwg-url: 14.0.0
      ws: 8.18.0
      xml-name-validator: 5.0.0
    transitivePeerDependencies:
      - bufferutil
      - supports-color
      - utf-8-validate

  lodash.snakecase@4.1.1: {}

  lodash@4.17.21: {}

  m3u8stream@0.8.6:
    dependencies:
      miniget: 4.2.3
      sax: 1.4.1

  magic-bytes.js@1.10.0: {}

  mime-db@1.52.0: {}

  mime-types@2.1.35:
    dependencies:
      mime-db: 1.52.0

  miniget@4.2.3: {}

  ms@2.1.3: {}

  nwsapi@2.2.12: {}

  parse5@7.1.2:
    dependencies:
      entities: 4.5.0

  prism-media@1.3.5: {}

  psl@1.9.0: {}

  punycode@2.3.1: {}

  querystringify@2.2.0: {}

  requires-port@1.0.0: {}

  rrweb-cssom@0.7.1: {}

  safer-buffer@2.1.2: {}

  sax@1.4.1: {}

  saxes@6.0.0:
    dependencies:
      xmlchars: 2.2.0

  symbol-tree@3.2.4: {}

  tiny-typed-emitter@2.1.0: {}

  tough-cookie@4.1.4:
    dependencies:
      psl: 1.9.0
      punycode: 2.3.1
      universalify: 0.2.0
      url-parse: 1.5.10

  tr46@5.0.0:
    dependencies:
      punycode: 2.3.1

  ts-mixer@6.0.4: {}

  tslib@2.7.0: {}

  undici-types@6.19.8: {}

  undici@5.28.4:
    dependencies:
      '@fastify/busboy': 2.1.1

  undici@6.19.8: {}

  universalify@0.2.0: {}

  url-parse@1.5.10:
    dependencies:
      querystringify: 2.2.0
      requires-port: 1.0.0

  w3c-xmlserializer@5.0.0:
    dependencies:
      xml-name-validator: 5.0.0

  webidl-conversions@7.0.0: {}

  whatwg-encoding@3.1.1:
    dependencies:
      iconv-lite: 0.6.3

  whatwg-mimetype@4.0.0: {}

  whatwg-url@14.0.0:
    dependencies:
      tr46: 5.0.0
      webidl-conversions: 7.0.0

  ws@8.18.0: {}

  xml-name-validator@5.0.0: {}

  xmlchars@2.2.0: {}

  youtube-po-token-generator@0.2.0:
    dependencies:
      jsdom: 24.1.3
    transitivePeerDependencies:
      - bufferutil
      - canvas
      - supports-color
      - utf-8-validate
